
Microsoft Visual Studio Solution File, Format Version 12.00
# Visual Studio Version 17
VisualStudioVersion = 17.10.35027.167
MinimumVisualStudioVersion = 10.0.40219.1
Project("{9A19103F-16F7-4668-BE54-9A1E7A4F7556}") = "MiaTicket", "MiaTicket\MiaTicket.csproj", "{B348FB37-EB1D-4518-93C7-E94E0D91DA14}"
EndProject
Project("{9A19103F-16F7-4668-BE54-9A1E7A4F7556}") = "MiaTicket.Data", "MiaTicket.Data\MiaTicket.Data.csproj", "{0740CDF2-46A0-4B9A-9247-8A56CEDBE931}"
EndProject
Project("{9A19103F-16F7-4668-BE54-9A1E7A4F7556}") = "MiaTicket.DataAccess", "MiaTicket.DataAccess\MiaTicket.DataAccess.csproj", "{16B34DBE-B1D8-473F-B9F4-36680DA9E482}"
EndProject
Project("{9A19103F-16F7-4668-BE54-9A1E7A4F7556}") = "MiaTicket.BussinessLogic", "MiaTicket.BussinessLogic\MiaTicket.BussinessLogic.csproj", "{8C6EBB25-09EB-4FFF-BF33-8BF50FA9EE96}"
EndProject
Project("{9A19103F-16F7-4668-BE54-9A1E7A4F7556}") = "MiaTicket.WebAPI", "MiaTicket.WebAPI\MiaTicket.WebAPI.csproj", "{1A813E12-E3B2-4955-A85D-B379919A8E4A}"
EndProject
Project("{9A19103F-16F7-4668-BE54-9A1E7A4F7556}") = "MiaTicket.Setting", "MiaTicket.Setting\MiaTicket.Setting.csproj", "{2E58FB35-365E-43E9-899C-2F145563619F}"
EndProject
Project("{9A19103F-16F7-4668-BE54-9A1E7A4F7556}") = "MiaTicket.Email", "MiaTicket.Email\MiaTicket.Email.csproj", "{CB67FE10-BCE4-42B4-9D0D-D272124357B1}"
EndProject
Project("{9A19103F-16F7-4668-BE54-9A1E7A4F7556}") = "MiaTicket.VNPay", "MiaTicket.VNPay\MiaTicket.VNPay.csproj", "{EC05415A-7E1D-4FB4-BC87-7DFD470F69F6}"
EndProject
Project("{9A19103F-16F7-4668-BE54-9A1E7A4F7556}") = "MiaTicket.ZaloPay", "MiaTicket.ZaloPay\MiaTicket.ZaloPay.csproj", "{C48732D4-2300-4501-A9CF-041F05608BFA}"
EndProject
Project("{9A19103F-16F7-4668-BE54-9A1E7A4F7556}") = "MiaTicket.DataCache", "MiaTicket.DataCache\MiaTicket.DataCache.csproj", "{9EB34FBB-BBDA-49F0-BFDF-FB5E74F6D361}"
EndProject
Project("{E53339B2-1760-4266-BCC7-CA923CBCF16C}") = "docker-compose", "docker-compose.dcproj", "{B4CCC09B-5479-4C00-BB8D-AE59B69A73ED}"
EndProject
Project("{FAE04EC0-301F-11D3-BF4B-00C04F79EFBC}") = "MiaTicket.CloudinaryStorage", "MiaTicket.CloudinaryStorage\MiaTicket.CloudinaryStorage.csproj", "{D23BDF36-5AF1-4CEF-9A04-B0DC72BD3BB5}"
EndProject
Global
	GlobalSection(SolutionConfigurationPlatforms) = preSolution
		Debug|Any CPU = Debug|Any CPU
		Release|Any CPU = Release|Any CPU
	EndGlobalSection
	GlobalSection(ProjectConfigurationPlatforms) = postSolution
		{B348FB37-EB1D-4518-93C7-E94E0D91DA14}.Debug|Any CPU.ActiveCfg = Debug|Any CPU
		{B348FB37-EB1D-4518-93C7-E94E0D91DA14}.Debug|Any CPU.Build.0 = Debug|Any CPU
		{B348FB37-EB1D-4518-93C7-E94E0D91DA14}.Release|Any CPU.ActiveCfg = Release|Any CPU
		{B348FB37-EB1D-4518-93C7-E94E0D91DA14}.Release|Any CPU.Build.0 = Release|Any CPU
		{0740CDF2-46A0-4B9A-9247-8A56CEDBE931}.Debug|Any CPU.ActiveCfg = Debug|Any CPU
		{0740CDF2-46A0-4B9A-9247-8A56CEDBE931}.Debug|Any CPU.Build.0 = Debug|Any CPU
		{0740CDF2-46A0-4B9A-9247-8A56CEDBE931}.Release|Any CPU.ActiveCfg = Release|Any CPU
		{0740CDF2-46A0-4B9A-9247-8A56CEDBE931}.Release|Any CPU.Build.0 = Release|Any CPU
		{16B34DBE-B1D8-473F-B9F4-36680DA9E482}.Debug|Any CPU.ActiveCfg = Debug|Any CPU
		{16B34DBE-B1D8-473F-B9F4-36680DA9E482}.Debug|Any CPU.Build.0 = Debug|Any CPU
		{16B34DBE-B1D8-473F-B9F4-36680DA9E482}.Release|Any CPU.ActiveCfg = Release|Any CPU
		{16B34DBE-B1D8-473F-B9F4-36680DA9E482}.Release|Any CPU.Build.0 = Release|Any CPU
		{8C6EBB25-09EB-4FFF-BF33-8BF50FA9EE96}.Debug|Any CPU.ActiveCfg = Debug|Any CPU
		{8C6EBB25-09EB-4FFF-BF33-8BF50FA9EE96}.Debug|Any CPU.Build.0 = Debug|Any CPU
		{8C6EBB25-09EB-4FFF-BF33-8BF50FA9EE96}.Release|Any CPU.ActiveCfg = Release|Any CPU
		{8C6EBB25-09EB-4FFF-BF33-8BF50FA9EE96}.Release|Any CPU.Build.0 = Release|Any CPU
		{1A813E12-E3B2-4955-A85D-B379919A8E4A}.Debug|Any CPU.ActiveCfg = Debug|Any CPU
		{1A813E12-E3B2-4955-A85D-B379919A8E4A}.Debug|Any CPU.Build.0 = Debug|Any CPU
		{1A813E12-E3B2-4955-A85D-B379919A8E4A}.Release|Any CPU.ActiveCfg = Release|Any CPU
		{1A813E12-E3B2-4955-A85D-B379919A8E4A}.Release|Any CPU.Build.0 = Release|Any CPU
		{2E58FB35-365E-43E9-899C-2F145563619F}.Debug|Any CPU.ActiveCfg = Debug|Any CPU
		{2E58FB35-365E-43E9-899C-2F145563619F}.Debug|Any CPU.Build.0 = Debug|Any CPU
		{2E58FB35-365E-43E9-899C-2F145563619F}.Release|Any CPU.ActiveCfg = Release|Any CPU
		{2E58FB35-365E-43E9-899C-2F145563619F}.Release|Any CPU.Build.0 = Release|Any CPU
		{CB67FE10-BCE4-42B4-9D0D-D272124357B1}.Debug|Any CPU.ActiveCfg = Debug|Any CPU
		{CB67FE10-BCE4-42B4-9D0D-D272124357B1}.Debug|Any CPU.Build.0 = Debug|Any CPU
		{CB67FE10-BCE4-42B4-9D0D-D272124357B1}.Release|Any CPU.ActiveCfg = Release|Any CPU
		{CB67FE10-BCE4-42B4-9D0D-D272124357B1}.Release|Any CPU.Build.0 = Release|Any CPU
		{EC05415A-7E1D-4FB4-BC87-7DFD470F69F6}.Debug|Any CPU.ActiveCfg = Debug|Any CPU
		{EC05415A-7E1D-4FB4-BC87-7DFD470F69F6}.Debug|Any CPU.Build.0 = Debug|Any CPU
		{EC05415A-7E1D-4FB4-BC87-7DFD470F69F6}.Release|Any CPU.ActiveCfg = Release|Any CPU
		{EC05415A-7E1D-4FB4-BC87-7DFD470F69F6}.Release|Any CPU.Build.0 = Release|Any CPU
		{C48732D4-2300-4501-A9CF-041F05608BFA}.Debug|Any CPU.ActiveCfg = Debug|Any CPU
		{C48732D4-2300-4501-A9CF-041F05608BFA}.Debug|Any CPU.Build.0 = Debug|Any CPU
		{C48732D4-2300-4501-A9CF-041F05608BFA}.Release|Any CPU.ActiveCfg = Release|Any CPU
		{C48732D4-2300-4501-A9CF-041F05608BFA}.Release|Any CPU.Build.0 = Release|Any CPU
		{9EB34FBB-BBDA-49F0-BFDF-FB5E74F6D361}.Debug|Any CPU.ActiveCfg = Debug|Any CPU
		{9EB34FBB-BBDA-49F0-BFDF-FB5E74F6D361}.Debug|Any CPU.Build.0 = Debug|Any CPU
		{9EB34FBB-BBDA-49F0-BFDF-FB5E74F6D361}.Release|Any CPU.ActiveCfg = Release|Any CPU
		{9EB34FBB-BBDA-49F0-BFDF-FB5E74F6D361}.Release|Any CPU.Build.0 = Release|Any CPU
		{B4CCC09B-5479-4C00-BB8D-AE59B69A73ED}.Debug|Any CPU.ActiveCfg = Debug|Any CPU
		{B4CCC09B-5479-4C00-BB8D-AE59B69A73ED}.Debug|Any CPU.Build.0 = Debug|Any CPU
		{B4CCC09B-5479-4C00-BB8D-AE59B69A73ED}.Release|Any CPU.ActiveCfg = Release|Any CPU
		{B4CCC09B-5479-4C00-BB8D-AE59B69A73ED}.Release|Any CPU.Build.0 = Release|Any CPU
		{D23BDF36-5AF1-4CEF-9A04-B0DC72BD3BB5}.Debug|Any CPU.ActiveCfg = Debug|Any CPU
		{D23BDF36-5AF1-4CEF-9A04-B0DC72BD3BB5}.Debug|Any CPU.Build.0 = Debug|Any CPU
		{D23BDF36-5AF1-4CEF-9A04-B0DC72BD3BB5}.Release|Any CPU.ActiveCfg = Release|Any CPU
		{D23BDF36-5AF1-4CEF-9A04-B0DC72BD3BB5}.Release|Any CPU.Build.0 = Release|Any CPU
	EndGlobalSection
	GlobalSection(SolutionProperties) = preSolution
		HideSolutionNode = FALSE
	EndGlobalSection
	GlobalSection(ExtensibilityGlobals) = postSolution
		SolutionGuid = {F5D2E75A-D55E-4A63-82B7-56F9B5EE8536}
	EndGlobalSection
EndGlobal
